{
  "name": "node-pdftk",
  "version": "1.2.0",
  "lockfileVersion": 1,
  "requires": true,
  "dependencies": {
    "babylon": {
      "version": "http://registry.npmjs.org/babylon/-/babylon-7.0.0-beta.16.tgz",
      "integrity": "sha1-RIzu3uwKXvVrYoEuNVa/NsW7l4E=",
      "dev": true
    },
    "bluebird": {
      "version": "http://registry.npmjs.org/bluebird/-/bluebird-3.5.0.tgz",
      "integrity": "sha1-eRQg1/VR7qKJdFOop3ZT+WYG1nw=",
      "dev": true
    },
    "catharsis": {
      "version": "http://registry.npmjs.org/catharsis/-/catharsis-0.8.8.tgz",
      "integrity": "sha1-aTR59DqsVJ2Aa9c+kkzQ2USVGgY=",
      "dev": true,
      "requires": {
        "underscore-contrib": "http://registry.npmjs.org/underscore-contrib/-/underscore-contrib-0.3.0.tgz"
      }
    },
    "escape-string-regexp": {
      "version": "http://registry.npmjs.org/escape-string-regexp/-/escape-string-regexp-1.0.5.tgz",
      "integrity": "sha1-G2HAViGQqN/2rjuyzwIAyhMLhtQ=",
      "dev": true
    },
    "graceful-fs": {
      "version": "http://registry.npmjs.org/graceful-fs/-/graceful-fs-4.1.11.tgz",
      "integrity": "sha1-Dovf5NHduIVNZOBOp8AOKgJuVlg=",
      "dev": true
    },
    "js2xmlparser": {
      "version": "http://registry.npmjs.org/js2xmlparser/-/js2xmlparser-3.0.0.tgz",
      "integrity": "sha1-P7YOqgicVED5MZ9RdgzNB+JJlzM=",
      "dev": true,
      "requires": {
        "xmlcreate": "http://registry.npmjs.org/xmlcreate/-/xmlcreate-1.0.2.tgz"
      }
    },
    "jsdoc": {
      "version": "http://registry.npmjs.org/jsdoc/-/jsdoc-3.5.1.tgz",
      "integrity": "sha1-urD26M3QGlrTNtNzbbiSHtvUcX0=",
      "dev": true,
      "requires": {
        "babylon": "http://registry.npmjs.org/babylon/-/babylon-7.0.0-beta.16.tgz",
        "bluebird": "http://registry.npmjs.org/bluebird/-/bluebird-3.5.0.tgz",
        "catharsis": "http://registry.npmjs.org/catharsis/-/catharsis-0.8.8.tgz",
        "escape-string-regexp": "http://registry.npmjs.org/escape-string-regexp/-/escape-string-regexp-1.0.5.tgz",
        "js2xmlparser": "http://registry.npmjs.org/js2xmlparser/-/js2xmlparser-3.0.0.tgz",
        "klaw": "http://registry.npmjs.org/klaw/-/klaw-2.0.0.tgz",
        "marked": "http://registry.npmjs.org/marked/-/marked-0.3.6.tgz",
        "mkdirp": "https://registry.npmjs.org/mkdirp/-/mkdirp-0.5.1.tgz",
        "requizzle": "http://registry.npmjs.org/requizzle/-/requizzle-0.2.1.tgz",
        "strip-json-comments": "http://registry.npmjs.org/strip-json-comments/-/strip-json-comments-2.0.1.tgz",
        "taffydb": "http://registry.npmjs.org/taffydb/-/taffydb-2.6.2.tgz",
        "underscore": "http://registry.npmjs.org/underscore/-/underscore-1.8.3.tgz"
      }
    },
    "klaw": {
      "version": "http://registry.npmjs.org/klaw/-/klaw-2.0.0.tgz",
      "integrity": "sha1-WcEo4Nxc5BAgEVEZTuucv4WGUPY=",
      "dev": true,
      "requires": {
        "graceful-fs": "http://registry.npmjs.org/graceful-fs/-/graceful-fs-4.1.11.tgz"
      }
    },
    "marked": {
      "version": "http://registry.npmjs.org/marked/-/marked-0.3.6.tgz",
      "integrity": "sha1-ssbGGPzOzk74bE/Gy4p8v1rtqNc=",
      "dev": true
    },
    "minimist": {
      "version": "http://registry.npmjs.org/minimist/-/minimist-0.0.8.tgz",
      "integrity": "sha1-hX/Kv8M5fSYluCKCYuhqp6ARsF0=",
      "dev": true
    },
    "mkdirp": {
      "version": "https://registry.npmjs.org/mkdirp/-/mkdirp-0.5.1.tgz",
      "integrity": "sha1-MAV0OOrGz3+MR2fzhkjWaX11yQM=",
      "dev": true,
      "requires": {
        "minimist": "http://registry.npmjs.org/minimist/-/minimist-0.0.8.tgz"
      }
    },
    "requizzle": {
      "version": "http://registry.npmjs.org/requizzle/-/requizzle-0.2.1.tgz",
      "integrity": "sha1-aUPDUwxNmn5G8c3dUcFY/GcM294=",
      "dev": true,
      "requires": {
        "underscore": "http://registry.npmjs.org/underscore/-/underscore-1.6.0.tgz"
      },
      "dependencies": {
        "underscore": {
          "version": "http://registry.npmjs.org/underscore/-/underscore-1.6.0.tgz",
          "integrity": "sha1-izixDKze9jM3uLJOT/htRa6lKag=",
          "dev": true
        }
      }
    },
    "strip-json-comments": {
      "version": "http://registry.npmjs.org/strip-json-comments/-/strip-json-comments-2.0.1.tgz",
      "integrity": "sha1-PFMZQukIwml8DsNEhYwobHygpgo=",
      "dev": true
    },
    "taffydb": {
      "version": "http://registry.npmjs.org/taffydb/-/taffydb-2.6.2.tgz",
      "integrity": "sha1-fLy2S1oUG2ou/CxdLGe04VCyomg=",
      "dev": true
    },
    "underscore": {
      "version": "http://registry.npmjs.org/underscore/-/underscore-1.8.3.tgz",
      "integrity": "sha1-Tz+1OxBuYJf8+ctBCfKl6b36UCI=",
      "dev": true
    },
    "underscore-contrib": {
      "version": "http://registry.npmjs.org/underscore-contrib/-/underscore-contrib-0.3.0.tgz",
      "integrity": "sha1-ZltmwkeD+PorGMn4y7Dix9SMJsc=",
      "dev": true,
      "requires": {
        "underscore": "http://registry.npmjs.org/underscore/-/underscore-1.6.0.tgz"
      },
      "dependencies": {
        "underscore": {
          "version": "http://registry.npmjs.org/underscore/-/underscore-1.6.0.tgz",
          "integrity": "sha1-izixDKze9jM3uLJOT/htRa6lKag=",
          "dev": true
        }
      }
    },
    "xmlcreate": {
      "version": "http://registry.npmjs.org/xmlcreate/-/xmlcreate-1.0.2.tgz",
      "integrity": "sha1-+mv3YqYKQT+z3Y9LA8WyaSONMI8=",
      "dev": true
    }
  }
}
